
Microsoft Visual Studio Solution File, Format Version 12.00
# Visual Studio Version 17
VisualStudioVersion = 17.8.34212.112
MinimumVisualStudioVersion = 10.0.40219.1
Project("{9A19103F-16F7-4668-BE54-9A1E7A4F7556}") = "Prayers", "Prayers\Prayers\Prayers.csproj", "{263578AE-FF9C-4304-B7E1-526864052B6A}"
EndProject
Project("{2150E333-8FDC-42A3-9474-1A3956D46DE8}") = "StJoseph", "StJoseph", "{43C9F8AB-C7B2-4BBD-8B3E-A5C4A30268E1}"
EndProject
Project("{FAE04EC0-301F-11D3-BF4B-00C04F79EFBC}") = "Prayers.StJoseph.Android", "Prayers\StJoseph\Prayers.StJoseph.Android\Prayers.StJoseph.Android.csproj", "{B45D33DF-8272-4A34-B237-744DBDE31ADD}"
EndProject
Project("{FAE04EC0-301F-11D3-BF4B-00C04F79EFBC}") = "Prayers.StJoseph.iOS", "Prayers\StJoseph\Prayers.StJoseph.iOS\Prayers.StJoseph.iOS.csproj", "{4AF10AE7-F247-4D3E-95D7-9B06CFA4D962}"
EndProject
Project("{FAE04EC0-301F-11D3-BF4B-00C04F79EFBC}") = "Prayers.StJoseph.UWP", "Prayers\StJoseph\Prayers.StJoseph.UWP\Prayers.StJoseph.UWP.csproj", "{540F0E26-31D4-495A-92BB-736B666E2338}"
EndProject
Global
	GlobalSection(SolutionConfigurationPlatforms) = preSolution
		Debug|Any CPU = Debug|Any CPU
		Debug|ARM = Debug|ARM
		Debug|iPhone = Debug|iPhone
		Debug|iPhoneSimulator = Debug|iPhoneSimulator
		Debug|x64 = Debug|x64
		Debug|x86 = Debug|x86
		Release|Any CPU = Release|Any CPU
		Release|ARM = Release|ARM
		Release|iPhone = Release|iPhone
		Release|iPhoneSimulator = Release|iPhoneSimulator
		Release|x64 = Release|x64
		Release|x86 = Release|x86
	EndGlobalSection
	GlobalSection(ProjectConfigurationPlatforms) = postSolution
		{263578AE-FF9C-4304-B7E1-526864052B6A}.Debug|Any CPU.ActiveCfg = Debug|Any CPU
		{263578AE-FF9C-4304-B7E1-526864052B6A}.Debug|Any CPU.Build.0 = Debug|Any CPU
		{263578AE-FF9C-4304-B7E1-526864052B6A}.Debug|Any CPU.Deploy.0 = Debug|Any CPU
		{263578AE-FF9C-4304-B7E1-526864052B6A}.Debug|ARM.ActiveCfg = Debug|Any CPU
		{263578AE-FF9C-4304-B7E1-526864052B6A}.Debug|ARM.Build.0 = Debug|Any CPU
		{263578AE-FF9C-4304-B7E1-526864052B6A}.Debug|ARM.Deploy.0 = Debug|Any CPU
		{263578AE-FF9C-4304-B7E1-526864052B6A}.Debug|iPhone.ActiveCfg = Debug|Any CPU
		{263578AE-FF9C-4304-B7E1-526864052B6A}.Debug|iPhone.Build.0 = Debug|Any CPU
		{263578AE-FF9C-4304-B7E1-526864052B6A}.Debug|iPhone.Deploy.0 = Debug|Any CPU
		{263578AE-FF9C-4304-B7E1-526864052B6A}.Debug|iPhoneSimulator.ActiveCfg = Debug|Any CPU
		{263578AE-FF9C-4304-B7E1-526864052B6A}.Debug|iPhoneSimulator.Build.0 = Debug|Any CPU
		{263578AE-FF9C-4304-B7E1-526864052B6A}.Debug|iPhoneSimulator.Deploy.0 = Debug|Any CPU
		{263578AE-FF9C-4304-B7E1-526864052B6A}.Debug|x64.ActiveCfg = Debug|Any CPU
		{263578AE-FF9C-4304-B7E1-526864052B6A}.Debug|x64.Build.0 = Debug|Any CPU
		{263578AE-FF9C-4304-B7E1-526864052B6A}.Debug|x64.Deploy.0 = Debug|Any CPU
		{263578AE-FF9C-4304-B7E1-526864052B6A}.Debug|x86.ActiveCfg = Debug|Any CPU
		{263578AE-FF9C-4304-B7E1-526864052B6A}.Debug|x86.Build.0 = Debug|Any CPU
		{263578AE-FF9C-4304-B7E1-526864052B6A}.Debug|x86.Deploy.0 = Debug|Any CPU
		{263578AE-FF9C-4304-B7E1-526864052B6A}.Release|Any CPU.ActiveCfg = Release|Any CPU
		{263578AE-FF9C-4304-B7E1-526864052B6A}.Release|Any CPU.Build.0 = Release|Any CPU
		{263578AE-FF9C-4304-B7E1-526864052B6A}.Release|Any CPU.Deploy.0 = Release|Any CPU
		{263578AE-FF9C-4304-B7E1-526864052B6A}.Release|ARM.ActiveCfg = Release|Any CPU
		{263578AE-FF9C-4304-B7E1-526864052B6A}.Release|ARM.Build.0 = Release|Any CPU
		{263578AE-FF9C-4304-B7E1-526864052B6A}.Release|ARM.Deploy.0 = Release|Any CPU
		{263578AE-FF9C-4304-B7E1-526864052B6A}.Release|iPhone.ActiveCfg = Release|Any CPU
		{263578AE-FF9C-4304-B7E1-526864052B6A}.Release|iPhone.Build.0 = Release|Any CPU
		{263578AE-FF9C-4304-B7E1-526864052B6A}.Release|iPhone.Deploy.0 = Release|Any CPU
		{263578AE-FF9C-4304-B7E1-526864052B6A}.Release|iPhoneSimulator.ActiveCfg = Release|Any CPU
		{263578AE-FF9C-4304-B7E1-526864052B6A}.Release|iPhoneSimulator.Build.0 = Release|Any CPU
		{263578AE-FF9C-4304-B7E1-526864052B6A}.Release|iPhoneSimulator.Deploy.0 = Release|Any CPU
		{263578AE-FF9C-4304-B7E1-526864052B6A}.Release|x64.ActiveCfg = Release|Any CPU
		{263578AE-FF9C-4304-B7E1-526864052B6A}.Release|x64.Build.0 = Release|Any CPU
		{263578AE-FF9C-4304-B7E1-526864052B6A}.Release|x64.Deploy.0 = Release|Any CPU
		{263578AE-FF9C-4304-B7E1-526864052B6A}.Release|x86.ActiveCfg = Release|Any CPU
		{263578AE-FF9C-4304-B7E1-526864052B6A}.Release|x86.Build.0 = Release|Any CPU
		{263578AE-FF9C-4304-B7E1-526864052B6A}.Release|x86.Deploy.0 = Release|Any CPU
		{B45D33DF-8272-4A34-B237-744DBDE31ADD}.Debug|Any CPU.ActiveCfg = Debug|Any CPU
		{B45D33DF-8272-4A34-B237-744DBDE31ADD}.Debug|Any CPU.Build.0 = Debug|Any CPU
		{B45D33DF-8272-4A34-B237-744DBDE31ADD}.Debug|Any CPU.Deploy.0 = Debug|Any CPU
		{B45D33DF-8272-4A34-B237-744DBDE31ADD}.Debug|ARM.ActiveCfg = Debug|Any CPU
		{B45D33DF-8272-4A34-B237-744DBDE31ADD}.Debug|ARM.Build.0 = Debug|Any CPU
		{B45D33DF-8272-4A34-B237-744DBDE31ADD}.Debug|ARM.Deploy.0 = Debug|Any CPU
		{B45D33DF-8272-4A34-B237-744DBDE31ADD}.Debug|iPhone.ActiveCfg = Debug|Any CPU
		{B45D33DF-8272-4A34-B237-744DBDE31ADD}.Debug|iPhone.Build.0 = Debug|Any CPU
		{B45D33DF-8272-4A34-B237-744DBDE31ADD}.Debug|iPhone.Deploy.0 = Debug|Any CPU
		{B45D33DF-8272-4A34-B237-744DBDE31ADD}.Debug|iPhoneSimulator.ActiveCfg = Debug|Any CPU
		{B45D33DF-8272-4A34-B237-744DBDE31ADD}.Debug|iPhoneSimulator.Build.0 = Debug|Any CPU
		{B45D33DF-8272-4A34-B237-744DBDE31ADD}.Debug|iPhoneSimulator.Deploy.0 = Debug|Any CPU
		{B45D33DF-8272-4A34-B237-744DBDE31ADD}.Debug|x64.ActiveCfg = Debug|Any CPU
		{B45D33DF-8272-4A34-B237-744DBDE31ADD}.Debug|x64.Build.0 = Debug|Any CPU
		{B45D33DF-8272-4A34-B237-744DBDE31ADD}.Debug|x64.Deploy.0 = Debug|Any CPU
		{B45D33DF-8272-4A34-B237-744DBDE31ADD}.Debug|x86.ActiveCfg = Debug|Any CPU
		{B45D33DF-8272-4A34-B237-744DBDE31ADD}.Debug|x86.Build.0 = Debug|Any CPU
		{B45D33DF-8272-4A34-B237-744DBDE31ADD}.Debug|x86.Deploy.0 = Debug|Any CPU
		{B45D33DF-8272-4A34-B237-744DBDE31ADD}.Release|Any CPU.ActiveCfg = Release|Any CPU
		{B45D33DF-8272-4A34-B237-744DBDE31ADD}.Release|Any CPU.Build.0 = Release|Any CPU
		{B45D33DF-8272-4A34-B237-744DBDE31ADD}.Release|Any CPU.Deploy.0 = Release|Any CPU
		{B45D33DF-8272-4A34-B237-744DBDE31ADD}.Release|ARM.ActiveCfg = Release|Any CPU
		{B45D33DF-8272-4A34-B237-744DBDE31ADD}.Release|ARM.Build.0 = Release|Any CPU
		{B45D33DF-8272-4A34-B237-744DBDE31ADD}.Release|ARM.Deploy.0 = Release|Any CPU
		{B45D33DF-8272-4A34-B237-744DBDE31ADD}.Release|iPhone.ActiveCfg = Release|Any CPU
		{B45D33DF-8272-4A34-B237-744DBDE31ADD}.Release|iPhone.Build.0 = Release|Any CPU
		{B45D33DF-8272-4A34-B237-744DBDE31ADD}.Release|iPhone.Deploy.0 = Release|Any CPU
		{B45D33DF-8272-4A34-B237-744DBDE31ADD}.Release|iPhoneSimulator.ActiveCfg = Release|Any CPU
		{B45D33DF-8272-4A34-B237-744DBDE31ADD}.Release|iPhoneSimulator.Build.0 = Release|Any CPU
		{B45D33DF-8272-4A34-B237-744DBDE31ADD}.Release|iPhoneSimulator.Deploy.0 = Release|Any CPU
		{B45D33DF-8272-4A34-B237-744DBDE31ADD}.Release|x64.ActiveCfg = Release|Any CPU
		{B45D33DF-8272-4A34-B237-744DBDE31ADD}.Release|x64.Build.0 = Release|Any CPU
		{B45D33DF-8272-4A34-B237-744DBDE31ADD}.Release|x64.Deploy.0 = Release|Any CPU
		{B45D33DF-8272-4A34-B237-744DBDE31ADD}.Release|x86.ActiveCfg = Release|Any CPU
		{B45D33DF-8272-4A34-B237-744DBDE31ADD}.Release|x86.Build.0 = Release|Any CPU
		{B45D33DF-8272-4A34-B237-744DBDE31ADD}.Release|x86.Deploy.0 = Release|Any CPU
		{4AF10AE7-F247-4D3E-95D7-9B06CFA4D962}.Debug|Any CPU.ActiveCfg = Debug|iPhoneSimulator
		{4AF10AE7-F247-4D3E-95D7-9B06CFA4D962}.Debug|Any CPU.Build.0 = Debug|iPhoneSimulator
		{4AF10AE7-F247-4D3E-95D7-9B06CFA4D962}.Debug|ARM.ActiveCfg = Debug|iPhoneSimulator
		{4AF10AE7-F247-4D3E-95D7-9B06CFA4D962}.Debug|ARM.Build.0 = Debug|iPhoneSimulator
		{4AF10AE7-F247-4D3E-95D7-9B06CFA4D962}.Debug|iPhone.ActiveCfg = Debug|iPhone
		{4AF10AE7-F247-4D3E-95D7-9B06CFA4D962}.Debug|iPhone.Build.0 = Debug|iPhone
		{4AF10AE7-F247-4D3E-95D7-9B06CFA4D962}.Debug|iPhoneSimulator.ActiveCfg = Debug|iPhoneSimulator
		{4AF10AE7-F247-4D3E-95D7-9B06CFA4D962}.Debug|iPhoneSimulator.Build.0 = Debug|iPhoneSimulator
		{4AF10AE7-F247-4D3E-95D7-9B06CFA4D962}.Debug|x64.ActiveCfg = Debug|iPhoneSimulator
		{4AF10AE7-F247-4D3E-95D7-9B06CFA4D962}.Debug|x64.Build.0 = Debug|iPhoneSimulator
		{4AF10AE7-F247-4D3E-95D7-9B06CFA4D962}.Debug|x86.ActiveCfg = Debug|iPhoneSimulator
		{4AF10AE7-F247-4D3E-95D7-9B06CFA4D962}.Debug|x86.Build.0 = Debug|iPhoneSimulator
		{4AF10AE7-F247-4D3E-95D7-9B06CFA4D962}.Release|Any CPU.ActiveCfg = Release|iPhoneSimulator
		{4AF10AE7-F247-4D3E-95D7-9B06CFA4D962}.Release|Any CPU.Build.0 = Release|iPhoneSimulator
		{4AF10AE7-F247-4D3E-95D7-9B06CFA4D962}.Release|ARM.ActiveCfg = Release|iPhoneSimulator
		{4AF10AE7-F247-4D3E-95D7-9B06CFA4D962}.Release|ARM.Build.0 = Release|iPhoneSimulator
		{4AF10AE7-F247-4D3E-95D7-9B06CFA4D962}.Release|iPhone.ActiveCfg = Release|iPhone
		{4AF10AE7-F247-4D3E-95D7-9B06CFA4D962}.Release|iPhone.Build.0 = Release|iPhone
		{4AF10AE7-F247-4D3E-95D7-9B06CFA4D962}.Release|iPhoneSimulator.ActiveCfg = Release|iPhoneSimulator
		{4AF10AE7-F247-4D3E-95D7-9B06CFA4D962}.Release|iPhoneSimulator.Build.0 = Release|iPhoneSimulator
		{4AF10AE7-F247-4D3E-95D7-9B06CFA4D962}.Release|x64.ActiveCfg = Release|iPhoneSimulator
		{4AF10AE7-F247-4D3E-95D7-9B06CFA4D962}.Release|x64.Build.0 = Release|iPhoneSimulator
		{4AF10AE7-F247-4D3E-95D7-9B06CFA4D962}.Release|x86.ActiveCfg = Release|iPhoneSimulator
		{4AF10AE7-F247-4D3E-95D7-9B06CFA4D962}.Release|x86.Build.0 = Release|iPhoneSimulator
		{540F0E26-31D4-495A-92BB-736B666E2338}.Debug|Any CPU.ActiveCfg = Debug|x64
		{540F0E26-31D4-495A-92BB-736B666E2338}.Debug|Any CPU.Build.0 = Debug|x64
		{540F0E26-31D4-495A-92BB-736B666E2338}.Debug|Any CPU.Deploy.0 = Debug|x64
		{540F0E26-31D4-495A-92BB-736B666E2338}.Debug|ARM.ActiveCfg = Debug|ARM
		{540F0E26-31D4-495A-92BB-736B666E2338}.Debug|ARM.Build.0 = Debug|ARM
		{540F0E26-31D4-495A-92BB-736B666E2338}.Debug|ARM.Deploy.0 = Debug|ARM
		{540F0E26-31D4-495A-92BB-736B666E2338}.Debug|iPhone.ActiveCfg = Debug|x64
		{540F0E26-31D4-495A-92BB-736B666E2338}.Debug|iPhone.Build.0 = Debug|x64
		{540F0E26-31D4-495A-92BB-736B666E2338}.Debug|iPhone.Deploy.0 = Debug|x64
		{540F0E26-31D4-495A-92BB-736B666E2338}.Debug|iPhoneSimulator.ActiveCfg = Debug|x64
		{540F0E26-31D4-495A-92BB-736B666E2338}.Debug|iPhoneSimulator.Build.0 = Debug|x64
		{540F0E26-31D4-495A-92BB-736B666E2338}.Debug|iPhoneSimulator.Deploy.0 = Debug|x64
		{540F0E26-31D4-495A-92BB-736B666E2338}.Debug|x64.ActiveCfg = Debug|x64
		{540F0E26-31D4-495A-92BB-736B666E2338}.Debug|x64.Build.0 = Debug|x64
		{540F0E26-31D4-495A-92BB-736B666E2338}.Debug|x64.Deploy.0 = Debug|x64
		{540F0E26-31D4-495A-92BB-736B666E2338}.Debug|x86.ActiveCfg = Debug|x86
		{540F0E26-31D4-495A-92BB-736B666E2338}.Debug|x86.Build.0 = Debug|x86
		{540F0E26-31D4-495A-92BB-736B666E2338}.Debug|x86.Deploy.0 = Debug|x86
		{540F0E26-31D4-495A-92BB-736B666E2338}.Release|Any CPU.ActiveCfg = Release|x64
		{540F0E26-31D4-495A-92BB-736B666E2338}.Release|Any CPU.Build.0 = Release|x64
		{540F0E26-31D4-495A-92BB-736B666E2338}.Release|Any CPU.Deploy.0 = Release|x64
		{540F0E26-31D4-495A-92BB-736B666E2338}.Release|ARM.ActiveCfg = Release|ARM
		{540F0E26-31D4-495A-92BB-736B666E2338}.Release|ARM.Build.0 = Release|ARM
		{540F0E26-31D4-495A-92BB-736B666E2338}.Release|ARM.Deploy.0 = Release|ARM
		{540F0E26-31D4-495A-92BB-736B666E2338}.Release|iPhone.ActiveCfg = Release|x64
		{540F0E26-31D4-495A-92BB-736B666E2338}.Release|iPhone.Build.0 = Release|x64
		{540F0E26-31D4-495A-92BB-736B666E2338}.Release|iPhone.Deploy.0 = Release|x64
		{540F0E26-31D4-495A-92BB-736B666E2338}.Release|iPhoneSimulator.ActiveCfg = Release|x64
		{540F0E26-31D4-495A-92BB-736B666E2338}.Release|iPhoneSimulator.Build.0 = Release|x64
		{540F0E26-31D4-495A-92BB-736B666E2338}.Release|iPhoneSimulator.Deploy.0 = Release|x64
		{540F0E26-31D4-495A-92BB-736B666E2338}.Release|x64.ActiveCfg = Release|x64
		{540F0E26-31D4-495A-92BB-736B666E2338}.Release|x64.Build.0 = Release|x64
		{540F0E26-31D4-495A-92BB-736B666E2338}.Release|x64.Deploy.0 = Release|x64
		{540F0E26-31D4-495A-92BB-736B666E2338}.Release|x86.ActiveCfg = Release|x86
		{540F0E26-31D4-495A-92BB-736B666E2338}.Release|x86.Build.0 = Release|x86
		{540F0E26-31D4-495A-92BB-736B666E2338}.Release|x86.Deploy.0 = Release|x86
	EndGlobalSection
	GlobalSection(SolutionProperties) = preSolution
		HideSolutionNode = FALSE
	EndGlobalSection
	GlobalSection(NestedProjects) = preSolution
		{B45D33DF-8272-4A34-B237-744DBDE31ADD} = {43C9F8AB-C7B2-4BBD-8B3E-A5C4A30268E1}
		{4AF10AE7-F247-4D3E-95D7-9B06CFA4D962} = {43C9F8AB-C7B2-4BBD-8B3E-A5C4A30268E1}
		{540F0E26-31D4-495A-92BB-736B666E2338} = {43C9F8AB-C7B2-4BBD-8B3E-A5C4A30268E1}
	EndGlobalSection
	GlobalSection(ExtensibilityGlobals) = postSolution
		SolutionGuid = {FEC7474B-E60A-4523-AE5F-AA36E87EC443}
	EndGlobalSection
EndGlobal
