
Microsoft Visual Studio Solution File, Format Version 12.00
# Visual Studio Version 17
VisualStudioVersion = 17.8.34212.112
MinimumVisualStudioVersion = 10.0.40219.1
Project("{2150E333-8FDC-42A3-9474-1A3956D46DE8}") = "StJoseph", "StJoseph", "{43C9F8AB-C7B2-4BBD-8B3E-A5C4A30268E1}"
EndProject
Project("{2150E333-8FDC-42A3-9474-1A3956D46DE8}") = "Device", "Device", "{06FD9F45-F761-4ECA-A227-646C9281D48D}"
EndProject
Project("{FAE04EC0-301F-11D3-BF4B-00C04F79EFBC}") = "Prayers.iOS", "Xamarin\Xamarin.DependencyServices\Prayers.iOS\Prayers.iOS.csproj", "{FBB90532-0EC3-4098-A17D-AB68FAEF588F}"
EndProject
Project("{FAE04EC0-301F-11D3-BF4B-00C04F79EFBC}") = "Prayers.Uwp", "Xamarin\Xamarin.DependencyServices\Prayers.Uwp\Prayers.Uwp.csproj", "{FC361097-1EFE-49B2-B109-ABD5A41872D2}"
EndProject
Project("{2150E333-8FDC-42A3-9474-1A3956D46DE8}") = "Xamarin.App", "Xamarin.App", "{0384D59B-CA54-4B04-B12C-7C9BDA8BDDD4}"
EndProject
Project("{9A19103F-16F7-4668-BE54-9A1E7A4F7556}") = "Prayers.ServiceDefinitions", "Xamarin\Xamarin.DependencyServices\Prayers.ServiceDefinitions\Prayers.ServiceDefinitions.csproj", "{8DB85DD7-476E-464D-AA99-5B510E45305B}"
EndProject
Project("{9A19103F-16F7-4668-BE54-9A1E7A4F7556}") = "Prayers", "Xamarin\Xamarin.Prayers\Prayers.csproj", "{33725C84-416B-446C-B434-7E39C4C49A3D}"
EndProject
Project("{FAE04EC0-301F-11D3-BF4B-00C04F79EFBC}") = "Prayers.Droid", "Xamarin\Xamarin.DependencyServices\Prayers.Droid\Prayers.Droid.csproj", "{F8B458E3-B2E8-4EA1-92D4-CAC7917E9ACC}"
EndProject
Project("{FAE04EC0-301F-11D3-BF4B-00C04F79EFBC}") = "Prayers.StJoseph.Droid", "Xamarin\Xamarin.Apps\Prayer.StJoseph.Malayalam\Prayers.StJoseph.Droid\Prayers.StJoseph.Droid.csproj", "{B45D33DF-8272-4A34-B237-744DBDE31ADD}"
EndProject
Project("{FAE04EC0-301F-11D3-BF4B-00C04F79EFBC}") = "Prayers.StJoseph.iOS", "Xamarin\Xamarin.Apps\Prayer.StJoseph.Malayalam\Prayers.StJoseph.iOS\Prayers.StJoseph.iOS.csproj", "{4AF10AE7-F247-4D3E-95D7-9B06CFA4D962}"
EndProject
Project("{FAE04EC0-301F-11D3-BF4B-00C04F79EFBC}") = "Prayers.StJoseph.Uwp", "Xamarin\Xamarin.Apps\Prayer.StJoseph.Malayalam\Prayers.StJoseph.UWP\Prayers.StJoseph.Uwp.csproj", "{540F0E26-31D4-495A-92BB-736B666E2338}"
EndProject
Global
	GlobalSection(SolutionConfigurationPlatforms) = preSolution
		Debug|Any CPU = Debug|Any CPU
		Debug|ARM = Debug|ARM
		Debug|ARM64 = Debug|ARM64
		Debug|iPhone = Debug|iPhone
		Debug|iPhoneSimulator = Debug|iPhoneSimulator
		Debug|x64 = Debug|x64
		Debug|x86 = Debug|x86
		Release|Any CPU = Release|Any CPU
		Release|ARM = Release|ARM
		Release|ARM64 = Release|ARM64
		Release|iPhone = Release|iPhone
		Release|iPhoneSimulator = Release|iPhoneSimulator
		Release|x64 = Release|x64
		Release|x86 = Release|x86
	EndGlobalSection
	GlobalSection(ProjectConfigurationPlatforms) = postSolution
		{FBB90532-0EC3-4098-A17D-AB68FAEF588F}.Debug|Any CPU.ActiveCfg = Debug|Any CPU
		{FBB90532-0EC3-4098-A17D-AB68FAEF588F}.Debug|Any CPU.Build.0 = Debug|Any CPU
		{FBB90532-0EC3-4098-A17D-AB68FAEF588F}.Debug|ARM.ActiveCfg = Debug|Any CPU
		{FBB90532-0EC3-4098-A17D-AB68FAEF588F}.Debug|ARM.Build.0 = Debug|Any CPU
		{FBB90532-0EC3-4098-A17D-AB68FAEF588F}.Debug|ARM64.ActiveCfg = Debug|Any CPU
		{FBB90532-0EC3-4098-A17D-AB68FAEF588F}.Debug|ARM64.Build.0 = Debug|Any CPU
		{FBB90532-0EC3-4098-A17D-AB68FAEF588F}.Debug|iPhone.ActiveCfg = Debug|Any CPU
		{FBB90532-0EC3-4098-A17D-AB68FAEF588F}.Debug|iPhone.Build.0 = Debug|Any CPU
		{FBB90532-0EC3-4098-A17D-AB68FAEF588F}.Debug|iPhoneSimulator.ActiveCfg = Debug|Any CPU
		{FBB90532-0EC3-4098-A17D-AB68FAEF588F}.Debug|iPhoneSimulator.Build.0 = Debug|Any CPU
		{FBB90532-0EC3-4098-A17D-AB68FAEF588F}.Debug|x64.ActiveCfg = Debug|Any CPU
		{FBB90532-0EC3-4098-A17D-AB68FAEF588F}.Debug|x64.Build.0 = Debug|Any CPU
		{FBB90532-0EC3-4098-A17D-AB68FAEF588F}.Debug|x86.ActiveCfg = Debug|Any CPU
		{FBB90532-0EC3-4098-A17D-AB68FAEF588F}.Debug|x86.Build.0 = Debug|Any CPU
		{FBB90532-0EC3-4098-A17D-AB68FAEF588F}.Release|Any CPU.ActiveCfg = Release|Any CPU
		{FBB90532-0EC3-4098-A17D-AB68FAEF588F}.Release|Any CPU.Build.0 = Release|Any CPU
		{FBB90532-0EC3-4098-A17D-AB68FAEF588F}.Release|ARM.ActiveCfg = Release|Any CPU
		{FBB90532-0EC3-4098-A17D-AB68FAEF588F}.Release|ARM.Build.0 = Release|Any CPU
		{FBB90532-0EC3-4098-A17D-AB68FAEF588F}.Release|ARM64.ActiveCfg = Release|Any CPU
		{FBB90532-0EC3-4098-A17D-AB68FAEF588F}.Release|ARM64.Build.0 = Release|Any CPU
		{FBB90532-0EC3-4098-A17D-AB68FAEF588F}.Release|iPhone.ActiveCfg = Release|Any CPU
		{FBB90532-0EC3-4098-A17D-AB68FAEF588F}.Release|iPhone.Build.0 = Release|Any CPU
		{FBB90532-0EC3-4098-A17D-AB68FAEF588F}.Release|iPhoneSimulator.ActiveCfg = Release|Any CPU
		{FBB90532-0EC3-4098-A17D-AB68FAEF588F}.Release|iPhoneSimulator.Build.0 = Release|Any CPU
		{FBB90532-0EC3-4098-A17D-AB68FAEF588F}.Release|x64.ActiveCfg = Release|Any CPU
		{FBB90532-0EC3-4098-A17D-AB68FAEF588F}.Release|x64.Build.0 = Release|Any CPU
		{FBB90532-0EC3-4098-A17D-AB68FAEF588F}.Release|x86.ActiveCfg = Release|Any CPU
		{FBB90532-0EC3-4098-A17D-AB68FAEF588F}.Release|x86.Build.0 = Release|Any CPU
		{FC361097-1EFE-49B2-B109-ABD5A41872D2}.Debug|Any CPU.ActiveCfg = Debug|Any CPU
		{FC361097-1EFE-49B2-B109-ABD5A41872D2}.Debug|Any CPU.Build.0 = Debug|Any CPU
		{FC361097-1EFE-49B2-B109-ABD5A41872D2}.Debug|ARM.ActiveCfg = Debug|ARM
		{FC361097-1EFE-49B2-B109-ABD5A41872D2}.Debug|ARM.Build.0 = Debug|ARM
		{FC361097-1EFE-49B2-B109-ABD5A41872D2}.Debug|ARM64.ActiveCfg = Debug|ARM64
		{FC361097-1EFE-49B2-B109-ABD5A41872D2}.Debug|ARM64.Build.0 = Debug|ARM64
		{FC361097-1EFE-49B2-B109-ABD5A41872D2}.Debug|iPhone.ActiveCfg = Debug|Any CPU
		{FC361097-1EFE-49B2-B109-ABD5A41872D2}.Debug|iPhone.Build.0 = Debug|Any CPU
		{FC361097-1EFE-49B2-B109-ABD5A41872D2}.Debug|iPhoneSimulator.ActiveCfg = Debug|Any CPU
		{FC361097-1EFE-49B2-B109-ABD5A41872D2}.Debug|iPhoneSimulator.Build.0 = Debug|Any CPU
		{FC361097-1EFE-49B2-B109-ABD5A41872D2}.Debug|x64.ActiveCfg = Debug|x64
		{FC361097-1EFE-49B2-B109-ABD5A41872D2}.Debug|x64.Build.0 = Debug|x64
		{FC361097-1EFE-49B2-B109-ABD5A41872D2}.Debug|x86.ActiveCfg = Debug|x86
		{FC361097-1EFE-49B2-B109-ABD5A41872D2}.Debug|x86.Build.0 = Debug|x86
		{FC361097-1EFE-49B2-B109-ABD5A41872D2}.Release|Any CPU.ActiveCfg = Release|Any CPU
		{FC361097-1EFE-49B2-B109-ABD5A41872D2}.Release|Any CPU.Build.0 = Release|Any CPU
		{FC361097-1EFE-49B2-B109-ABD5A41872D2}.Release|ARM.ActiveCfg = Release|ARM
		{FC361097-1EFE-49B2-B109-ABD5A41872D2}.Release|ARM.Build.0 = Release|ARM
		{FC361097-1EFE-49B2-B109-ABD5A41872D2}.Release|ARM64.ActiveCfg = Release|ARM64
		{FC361097-1EFE-49B2-B109-ABD5A41872D2}.Release|ARM64.Build.0 = Release|ARM64
		{FC361097-1EFE-49B2-B109-ABD5A41872D2}.Release|iPhone.ActiveCfg = Release|Any CPU
		{FC361097-1EFE-49B2-B109-ABD5A41872D2}.Release|iPhone.Build.0 = Release|Any CPU
		{FC361097-1EFE-49B2-B109-ABD5A41872D2}.Release|iPhoneSimulator.ActiveCfg = Release|Any CPU
		{FC361097-1EFE-49B2-B109-ABD5A41872D2}.Release|iPhoneSimulator.Build.0 = Release|Any CPU
		{FC361097-1EFE-49B2-B109-ABD5A41872D2}.Release|x64.ActiveCfg = Release|x64
		{FC361097-1EFE-49B2-B109-ABD5A41872D2}.Release|x64.Build.0 = Release|x64
		{FC361097-1EFE-49B2-B109-ABD5A41872D2}.Release|x86.ActiveCfg = Release|x86
		{FC361097-1EFE-49B2-B109-ABD5A41872D2}.Release|x86.Build.0 = Release|x86
		{8DB85DD7-476E-464D-AA99-5B510E45305B}.Debug|Any CPU.ActiveCfg = Debug|Any CPU
		{8DB85DD7-476E-464D-AA99-5B510E45305B}.Debug|Any CPU.Build.0 = Debug|Any CPU
		{8DB85DD7-476E-464D-AA99-5B510E45305B}.Debug|ARM.ActiveCfg = Debug|Any CPU
		{8DB85DD7-476E-464D-AA99-5B510E45305B}.Debug|ARM.Build.0 = Debug|Any CPU
		{8DB85DD7-476E-464D-AA99-5B510E45305B}.Debug|ARM64.ActiveCfg = Debug|Any CPU
		{8DB85DD7-476E-464D-AA99-5B510E45305B}.Debug|ARM64.Build.0 = Debug|Any CPU
		{8DB85DD7-476E-464D-AA99-5B510E45305B}.Debug|iPhone.ActiveCfg = Debug|Any CPU
		{8DB85DD7-476E-464D-AA99-5B510E45305B}.Debug|iPhone.Build.0 = Debug|Any CPU
		{8DB85DD7-476E-464D-AA99-5B510E45305B}.Debug|iPhoneSimulator.ActiveCfg = Debug|Any CPU
		{8DB85DD7-476E-464D-AA99-5B510E45305B}.Debug|iPhoneSimulator.Build.0 = Debug|Any CPU
		{8DB85DD7-476E-464D-AA99-5B510E45305B}.Debug|x64.ActiveCfg = Debug|Any CPU
		{8DB85DD7-476E-464D-AA99-5B510E45305B}.Debug|x64.Build.0 = Debug|Any CPU
		{8DB85DD7-476E-464D-AA99-5B510E45305B}.Debug|x86.ActiveCfg = Debug|Any CPU
		{8DB85DD7-476E-464D-AA99-5B510E45305B}.Debug|x86.Build.0 = Debug|Any CPU
		{8DB85DD7-476E-464D-AA99-5B510E45305B}.Release|Any CPU.ActiveCfg = Release|Any CPU
		{8DB85DD7-476E-464D-AA99-5B510E45305B}.Release|Any CPU.Build.0 = Release|Any CPU
		{8DB85DD7-476E-464D-AA99-5B510E45305B}.Release|ARM.ActiveCfg = Release|Any CPU
		{8DB85DD7-476E-464D-AA99-5B510E45305B}.Release|ARM.Build.0 = Release|Any CPU
		{8DB85DD7-476E-464D-AA99-5B510E45305B}.Release|ARM64.ActiveCfg = Release|Any CPU
		{8DB85DD7-476E-464D-AA99-5B510E45305B}.Release|ARM64.Build.0 = Release|Any CPU
		{8DB85DD7-476E-464D-AA99-5B510E45305B}.Release|iPhone.ActiveCfg = Release|Any CPU
		{8DB85DD7-476E-464D-AA99-5B510E45305B}.Release|iPhone.Build.0 = Release|Any CPU
		{8DB85DD7-476E-464D-AA99-5B510E45305B}.Release|iPhoneSimulator.ActiveCfg = Release|Any CPU
		{8DB85DD7-476E-464D-AA99-5B510E45305B}.Release|iPhoneSimulator.Build.0 = Release|Any CPU
		{8DB85DD7-476E-464D-AA99-5B510E45305B}.Release|x64.ActiveCfg = Release|Any CPU
		{8DB85DD7-476E-464D-AA99-5B510E45305B}.Release|x64.Build.0 = Release|Any CPU
		{8DB85DD7-476E-464D-AA99-5B510E45305B}.Release|x86.ActiveCfg = Release|Any CPU
		{8DB85DD7-476E-464D-AA99-5B510E45305B}.Release|x86.Build.0 = Release|Any CPU
		{33725C84-416B-446C-B434-7E39C4C49A3D}.Debug|Any CPU.ActiveCfg = Debug|Any CPU
		{33725C84-416B-446C-B434-7E39C4C49A3D}.Debug|Any CPU.Build.0 = Debug|Any CPU
		{33725C84-416B-446C-B434-7E39C4C49A3D}.Debug|ARM.ActiveCfg = Debug|Any CPU
		{33725C84-416B-446C-B434-7E39C4C49A3D}.Debug|ARM.Build.0 = Debug|Any CPU
		{33725C84-416B-446C-B434-7E39C4C49A3D}.Debug|ARM64.ActiveCfg = Debug|Any CPU
		{33725C84-416B-446C-B434-7E39C4C49A3D}.Debug|ARM64.Build.0 = Debug|Any CPU
		{33725C84-416B-446C-B434-7E39C4C49A3D}.Debug|iPhone.ActiveCfg = Debug|Any CPU
		{33725C84-416B-446C-B434-7E39C4C49A3D}.Debug|iPhone.Build.0 = Debug|Any CPU
		{33725C84-416B-446C-B434-7E39C4C49A3D}.Debug|iPhoneSimulator.ActiveCfg = Debug|Any CPU
		{33725C84-416B-446C-B434-7E39C4C49A3D}.Debug|iPhoneSimulator.Build.0 = Debug|Any CPU
		{33725C84-416B-446C-B434-7E39C4C49A3D}.Debug|x64.ActiveCfg = Debug|Any CPU
		{33725C84-416B-446C-B434-7E39C4C49A3D}.Debug|x64.Build.0 = Debug|Any CPU
		{33725C84-416B-446C-B434-7E39C4C49A3D}.Debug|x86.ActiveCfg = Debug|Any CPU
		{33725C84-416B-446C-B434-7E39C4C49A3D}.Debug|x86.Build.0 = Debug|Any CPU
		{33725C84-416B-446C-B434-7E39C4C49A3D}.Release|Any CPU.ActiveCfg = Release|Any CPU
		{33725C84-416B-446C-B434-7E39C4C49A3D}.Release|Any CPU.Build.0 = Release|Any CPU
		{33725C84-416B-446C-B434-7E39C4C49A3D}.Release|ARM.ActiveCfg = Release|Any CPU
		{33725C84-416B-446C-B434-7E39C4C49A3D}.Release|ARM.Build.0 = Release|Any CPU
		{33725C84-416B-446C-B434-7E39C4C49A3D}.Release|ARM64.ActiveCfg = Release|Any CPU
		{33725C84-416B-446C-B434-7E39C4C49A3D}.Release|ARM64.Build.0 = Release|Any CPU
		{33725C84-416B-446C-B434-7E39C4C49A3D}.Release|iPhone.ActiveCfg = Release|Any CPU
		{33725C84-416B-446C-B434-7E39C4C49A3D}.Release|iPhone.Build.0 = Release|Any CPU
		{33725C84-416B-446C-B434-7E39C4C49A3D}.Release|iPhoneSimulator.ActiveCfg = Release|Any CPU
		{33725C84-416B-446C-B434-7E39C4C49A3D}.Release|iPhoneSimulator.Build.0 = Release|Any CPU
		{33725C84-416B-446C-B434-7E39C4C49A3D}.Release|x64.ActiveCfg = Release|Any CPU
		{33725C84-416B-446C-B434-7E39C4C49A3D}.Release|x64.Build.0 = Release|Any CPU
		{33725C84-416B-446C-B434-7E39C4C49A3D}.Release|x86.ActiveCfg = Release|Any CPU
		{33725C84-416B-446C-B434-7E39C4C49A3D}.Release|x86.Build.0 = Release|Any CPU
		{F8B458E3-B2E8-4EA1-92D4-CAC7917E9ACC}.Debug|Any CPU.ActiveCfg = Debug|Any CPU
		{F8B458E3-B2E8-4EA1-92D4-CAC7917E9ACC}.Debug|Any CPU.Build.0 = Debug|Any CPU
		{F8B458E3-B2E8-4EA1-92D4-CAC7917E9ACC}.Debug|ARM.ActiveCfg = Debug|Any CPU
		{F8B458E3-B2E8-4EA1-92D4-CAC7917E9ACC}.Debug|ARM.Build.0 = Debug|Any CPU
		{F8B458E3-B2E8-4EA1-92D4-CAC7917E9ACC}.Debug|ARM64.ActiveCfg = Debug|Any CPU
		{F8B458E3-B2E8-4EA1-92D4-CAC7917E9ACC}.Debug|ARM64.Build.0 = Debug|Any CPU
		{F8B458E3-B2E8-4EA1-92D4-CAC7917E9ACC}.Debug|iPhone.ActiveCfg = Debug|Any CPU
		{F8B458E3-B2E8-4EA1-92D4-CAC7917E9ACC}.Debug|iPhone.Build.0 = Debug|Any CPU
		{F8B458E3-B2E8-4EA1-92D4-CAC7917E9ACC}.Debug|iPhoneSimulator.ActiveCfg = Debug|Any CPU
		{F8B458E3-B2E8-4EA1-92D4-CAC7917E9ACC}.Debug|iPhoneSimulator.Build.0 = Debug|Any CPU
		{F8B458E3-B2E8-4EA1-92D4-CAC7917E9ACC}.Debug|x64.ActiveCfg = Debug|Any CPU
		{F8B458E3-B2E8-4EA1-92D4-CAC7917E9ACC}.Debug|x64.Build.0 = Debug|Any CPU
		{F8B458E3-B2E8-4EA1-92D4-CAC7917E9ACC}.Debug|x86.ActiveCfg = Debug|Any CPU
		{F8B458E3-B2E8-4EA1-92D4-CAC7917E9ACC}.Debug|x86.Build.0 = Debug|Any CPU
		{F8B458E3-B2E8-4EA1-92D4-CAC7917E9ACC}.Release|Any CPU.ActiveCfg = Release|Any CPU
		{F8B458E3-B2E8-4EA1-92D4-CAC7917E9ACC}.Release|Any CPU.Build.0 = Release|Any CPU
		{F8B458E3-B2E8-4EA1-92D4-CAC7917E9ACC}.Release|ARM.ActiveCfg = Release|Any CPU
		{F8B458E3-B2E8-4EA1-92D4-CAC7917E9ACC}.Release|ARM.Build.0 = Release|Any CPU
		{F8B458E3-B2E8-4EA1-92D4-CAC7917E9ACC}.Release|ARM64.ActiveCfg = Release|Any CPU
		{F8B458E3-B2E8-4EA1-92D4-CAC7917E9ACC}.Release|ARM64.Build.0 = Release|Any CPU
		{F8B458E3-B2E8-4EA1-92D4-CAC7917E9ACC}.Release|iPhone.ActiveCfg = Release|Any CPU
		{F8B458E3-B2E8-4EA1-92D4-CAC7917E9ACC}.Release|iPhone.Build.0 = Release|Any CPU
		{F8B458E3-B2E8-4EA1-92D4-CAC7917E9ACC}.Release|iPhoneSimulator.ActiveCfg = Release|Any CPU
		{F8B458E3-B2E8-4EA1-92D4-CAC7917E9ACC}.Release|iPhoneSimulator.Build.0 = Release|Any CPU
		{F8B458E3-B2E8-4EA1-92D4-CAC7917E9ACC}.Release|x64.ActiveCfg = Release|Any CPU
		{F8B458E3-B2E8-4EA1-92D4-CAC7917E9ACC}.Release|x64.Build.0 = Release|Any CPU
		{F8B458E3-B2E8-4EA1-92D4-CAC7917E9ACC}.Release|x86.ActiveCfg = Release|Any CPU
		{F8B458E3-B2E8-4EA1-92D4-CAC7917E9ACC}.Release|x86.Build.0 = Release|Any CPU
		{B45D33DF-8272-4A34-B237-744DBDE31ADD}.Debug|Any CPU.ActiveCfg = Debug|Any CPU
		{B45D33DF-8272-4A34-B237-744DBDE31ADD}.Debug|Any CPU.Build.0 = Debug|Any CPU
		{B45D33DF-8272-4A34-B237-744DBDE31ADD}.Debug|Any CPU.Deploy.0 = Debug|Any CPU
		{B45D33DF-8272-4A34-B237-744DBDE31ADD}.Debug|ARM.ActiveCfg = Debug|Any CPU
		{B45D33DF-8272-4A34-B237-744DBDE31ADD}.Debug|ARM.Build.0 = Debug|Any CPU
		{B45D33DF-8272-4A34-B237-744DBDE31ADD}.Debug|ARM.Deploy.0 = Debug|Any CPU
		{B45D33DF-8272-4A34-B237-744DBDE31ADD}.Debug|ARM64.ActiveCfg = Debug|Any CPU
		{B45D33DF-8272-4A34-B237-744DBDE31ADD}.Debug|ARM64.Build.0 = Debug|Any CPU
		{B45D33DF-8272-4A34-B237-744DBDE31ADD}.Debug|ARM64.Deploy.0 = Debug|Any CPU
		{B45D33DF-8272-4A34-B237-744DBDE31ADD}.Debug|iPhone.ActiveCfg = Debug|Any CPU
		{B45D33DF-8272-4A34-B237-744DBDE31ADD}.Debug|iPhone.Build.0 = Debug|Any CPU
		{B45D33DF-8272-4A34-B237-744DBDE31ADD}.Debug|iPhone.Deploy.0 = Debug|Any CPU
		{B45D33DF-8272-4A34-B237-744DBDE31ADD}.Debug|iPhoneSimulator.ActiveCfg = Debug|Any CPU
		{B45D33DF-8272-4A34-B237-744DBDE31ADD}.Debug|iPhoneSimulator.Build.0 = Debug|Any CPU
		{B45D33DF-8272-4A34-B237-744DBDE31ADD}.Debug|iPhoneSimulator.Deploy.0 = Debug|Any CPU
		{B45D33DF-8272-4A34-B237-744DBDE31ADD}.Debug|x64.ActiveCfg = Debug|Any CPU
		{B45D33DF-8272-4A34-B237-744DBDE31ADD}.Debug|x64.Build.0 = Debug|Any CPU
		{B45D33DF-8272-4A34-B237-744DBDE31ADD}.Debug|x64.Deploy.0 = Debug|Any CPU
		{B45D33DF-8272-4A34-B237-744DBDE31ADD}.Debug|x86.ActiveCfg = Debug|Any CPU
		{B45D33DF-8272-4A34-B237-744DBDE31ADD}.Debug|x86.Build.0 = Debug|Any CPU
		{B45D33DF-8272-4A34-B237-744DBDE31ADD}.Debug|x86.Deploy.0 = Debug|Any CPU
		{B45D33DF-8272-4A34-B237-744DBDE31ADD}.Release|Any CPU.ActiveCfg = Release|Any CPU
		{B45D33DF-8272-4A34-B237-744DBDE31ADD}.Release|Any CPU.Build.0 = Release|Any CPU
		{B45D33DF-8272-4A34-B237-744DBDE31ADD}.Release|Any CPU.Deploy.0 = Release|Any CPU
		{B45D33DF-8272-4A34-B237-744DBDE31ADD}.Release|ARM.ActiveCfg = Release|Any CPU
		{B45D33DF-8272-4A34-B237-744DBDE31ADD}.Release|ARM.Build.0 = Release|Any CPU
		{B45D33DF-8272-4A34-B237-744DBDE31ADD}.Release|ARM.Deploy.0 = Release|Any CPU
		{B45D33DF-8272-4A34-B237-744DBDE31ADD}.Release|ARM64.ActiveCfg = Release|Any CPU
		{B45D33DF-8272-4A34-B237-744DBDE31ADD}.Release|ARM64.Build.0 = Release|Any CPU
		{B45D33DF-8272-4A34-B237-744DBDE31ADD}.Release|ARM64.Deploy.0 = Release|Any CPU
		{B45D33DF-8272-4A34-B237-744DBDE31ADD}.Release|iPhone.ActiveCfg = Release|Any CPU
		{B45D33DF-8272-4A34-B237-744DBDE31ADD}.Release|iPhone.Build.0 = Release|Any CPU
		{B45D33DF-8272-4A34-B237-744DBDE31ADD}.Release|iPhone.Deploy.0 = Release|Any CPU
		{B45D33DF-8272-4A34-B237-744DBDE31ADD}.Release|iPhoneSimulator.ActiveCfg = Release|Any CPU
		{B45D33DF-8272-4A34-B237-744DBDE31ADD}.Release|iPhoneSimulator.Build.0 = Release|Any CPU
		{B45D33DF-8272-4A34-B237-744DBDE31ADD}.Release|iPhoneSimulator.Deploy.0 = Release|Any CPU
		{B45D33DF-8272-4A34-B237-744DBDE31ADD}.Release|x64.ActiveCfg = Release|Any CPU
		{B45D33DF-8272-4A34-B237-744DBDE31ADD}.Release|x64.Build.0 = Release|Any CPU
		{B45D33DF-8272-4A34-B237-744DBDE31ADD}.Release|x64.Deploy.0 = Release|Any CPU
		{B45D33DF-8272-4A34-B237-744DBDE31ADD}.Release|x86.ActiveCfg = Release|Any CPU
		{B45D33DF-8272-4A34-B237-744DBDE31ADD}.Release|x86.Build.0 = Release|Any CPU
		{B45D33DF-8272-4A34-B237-744DBDE31ADD}.Release|x86.Deploy.0 = Release|Any CPU
		{4AF10AE7-F247-4D3E-95D7-9B06CFA4D962}.Debug|Any CPU.ActiveCfg = Debug|iPhoneSimulator
		{4AF10AE7-F247-4D3E-95D7-9B06CFA4D962}.Debug|Any CPU.Build.0 = Debug|iPhoneSimulator
		{4AF10AE7-F247-4D3E-95D7-9B06CFA4D962}.Debug|ARM.ActiveCfg = Debug|iPhoneSimulator
		{4AF10AE7-F247-4D3E-95D7-9B06CFA4D962}.Debug|ARM.Build.0 = Debug|iPhoneSimulator
		{4AF10AE7-F247-4D3E-95D7-9B06CFA4D962}.Debug|ARM64.ActiveCfg = Debug|iPhoneSimulator
		{4AF10AE7-F247-4D3E-95D7-9B06CFA4D962}.Debug|ARM64.Build.0 = Debug|iPhoneSimulator
		{4AF10AE7-F247-4D3E-95D7-9B06CFA4D962}.Debug|iPhone.ActiveCfg = Debug|iPhone
		{4AF10AE7-F247-4D3E-95D7-9B06CFA4D962}.Debug|iPhone.Build.0 = Debug|iPhone
		{4AF10AE7-F247-4D3E-95D7-9B06CFA4D962}.Debug|iPhoneSimulator.ActiveCfg = Debug|iPhoneSimulator
		{4AF10AE7-F247-4D3E-95D7-9B06CFA4D962}.Debug|iPhoneSimulator.Build.0 = Debug|iPhoneSimulator
		{4AF10AE7-F247-4D3E-95D7-9B06CFA4D962}.Debug|x64.ActiveCfg = Debug|iPhoneSimulator
		{4AF10AE7-F247-4D3E-95D7-9B06CFA4D962}.Debug|x64.Build.0 = Debug|iPhoneSimulator
		{4AF10AE7-F247-4D3E-95D7-9B06CFA4D962}.Debug|x86.ActiveCfg = Debug|iPhoneSimulator
		{4AF10AE7-F247-4D3E-95D7-9B06CFA4D962}.Debug|x86.Build.0 = Debug|iPhoneSimulator
		{4AF10AE7-F247-4D3E-95D7-9B06CFA4D962}.Release|Any CPU.ActiveCfg = Release|iPhoneSimulator
		{4AF10AE7-F247-4D3E-95D7-9B06CFA4D962}.Release|Any CPU.Build.0 = Release|iPhoneSimulator
		{4AF10AE7-F247-4D3E-95D7-9B06CFA4D962}.Release|ARM.ActiveCfg = Release|iPhoneSimulator
		{4AF10AE7-F247-4D3E-95D7-9B06CFA4D962}.Release|ARM.Build.0 = Release|iPhoneSimulator
		{4AF10AE7-F247-4D3E-95D7-9B06CFA4D962}.Release|ARM64.ActiveCfg = Release|iPhoneSimulator
		{4AF10AE7-F247-4D3E-95D7-9B06CFA4D962}.Release|ARM64.Build.0 = Release|iPhoneSimulator
		{4AF10AE7-F247-4D3E-95D7-9B06CFA4D962}.Release|iPhone.ActiveCfg = Release|iPhone
		{4AF10AE7-F247-4D3E-95D7-9B06CFA4D962}.Release|iPhone.Build.0 = Release|iPhone
		{4AF10AE7-F247-4D3E-95D7-9B06CFA4D962}.Release|iPhoneSimulator.ActiveCfg = Release|iPhoneSimulator
		{4AF10AE7-F247-4D3E-95D7-9B06CFA4D962}.Release|iPhoneSimulator.Build.0 = Release|iPhoneSimulator
		{4AF10AE7-F247-4D3E-95D7-9B06CFA4D962}.Release|x64.ActiveCfg = Release|iPhoneSimulator
		{4AF10AE7-F247-4D3E-95D7-9B06CFA4D962}.Release|x64.Build.0 = Release|iPhoneSimulator
		{4AF10AE7-F247-4D3E-95D7-9B06CFA4D962}.Release|x86.ActiveCfg = Release|iPhoneSimulator
		{4AF10AE7-F247-4D3E-95D7-9B06CFA4D962}.Release|x86.Build.0 = Release|iPhoneSimulator
		{540F0E26-31D4-495A-92BB-736B666E2338}.Debug|Any CPU.ActiveCfg = Debug|x64
		{540F0E26-31D4-495A-92BB-736B666E2338}.Debug|Any CPU.Build.0 = Debug|x64
		{540F0E26-31D4-495A-92BB-736B666E2338}.Debug|Any CPU.Deploy.0 = Debug|x64
		{540F0E26-31D4-495A-92BB-736B666E2338}.Debug|ARM.ActiveCfg = Debug|ARM
		{540F0E26-31D4-495A-92BB-736B666E2338}.Debug|ARM.Build.0 = Debug|ARM
		{540F0E26-31D4-495A-92BB-736B666E2338}.Debug|ARM.Deploy.0 = Debug|ARM
		{540F0E26-31D4-495A-92BB-736B666E2338}.Debug|ARM64.ActiveCfg = Debug|x64
		{540F0E26-31D4-495A-92BB-736B666E2338}.Debug|ARM64.Build.0 = Debug|x64
		{540F0E26-31D4-495A-92BB-736B666E2338}.Debug|ARM64.Deploy.0 = Debug|x64
		{540F0E26-31D4-495A-92BB-736B666E2338}.Debug|iPhone.ActiveCfg = Debug|x64
		{540F0E26-31D4-495A-92BB-736B666E2338}.Debug|iPhone.Build.0 = Debug|x64
		{540F0E26-31D4-495A-92BB-736B666E2338}.Debug|iPhone.Deploy.0 = Debug|x64
		{540F0E26-31D4-495A-92BB-736B666E2338}.Debug|iPhoneSimulator.ActiveCfg = Debug|x64
		{540F0E26-31D4-495A-92BB-736B666E2338}.Debug|iPhoneSimulator.Build.0 = Debug|x64
		{540F0E26-31D4-495A-92BB-736B666E2338}.Debug|iPhoneSimulator.Deploy.0 = Debug|x64
		{540F0E26-31D4-495A-92BB-736B666E2338}.Debug|x64.ActiveCfg = Debug|x64
		{540F0E26-31D4-495A-92BB-736B666E2338}.Debug|x64.Build.0 = Debug|x64
		{540F0E26-31D4-495A-92BB-736B666E2338}.Debug|x64.Deploy.0 = Debug|x64
		{540F0E26-31D4-495A-92BB-736B666E2338}.Debug|x86.ActiveCfg = Debug|x86
		{540F0E26-31D4-495A-92BB-736B666E2338}.Debug|x86.Build.0 = Debug|x86
		{540F0E26-31D4-495A-92BB-736B666E2338}.Debug|x86.Deploy.0 = Debug|x86
		{540F0E26-31D4-495A-92BB-736B666E2338}.Release|Any CPU.ActiveCfg = Release|x64
		{540F0E26-31D4-495A-92BB-736B666E2338}.Release|Any CPU.Build.0 = Release|x64
		{540F0E26-31D4-495A-92BB-736B666E2338}.Release|Any CPU.Deploy.0 = Release|x64
		{540F0E26-31D4-495A-92BB-736B666E2338}.Release|ARM.ActiveCfg = Release|ARM
		{540F0E26-31D4-495A-92BB-736B666E2338}.Release|ARM.Build.0 = Release|ARM
		{540F0E26-31D4-495A-92BB-736B666E2338}.Release|ARM.Deploy.0 = Release|ARM
		{540F0E26-31D4-495A-92BB-736B666E2338}.Release|ARM64.ActiveCfg = Release|x64
		{540F0E26-31D4-495A-92BB-736B666E2338}.Release|ARM64.Build.0 = Release|x64
		{540F0E26-31D4-495A-92BB-736B666E2338}.Release|ARM64.Deploy.0 = Release|x64
		{540F0E26-31D4-495A-92BB-736B666E2338}.Release|iPhone.ActiveCfg = Release|x64
		{540F0E26-31D4-495A-92BB-736B666E2338}.Release|iPhone.Build.0 = Release|x64
		{540F0E26-31D4-495A-92BB-736B666E2338}.Release|iPhone.Deploy.0 = Release|x64
		{540F0E26-31D4-495A-92BB-736B666E2338}.Release|iPhoneSimulator.ActiveCfg = Release|x64
		{540F0E26-31D4-495A-92BB-736B666E2338}.Release|iPhoneSimulator.Build.0 = Release|x64
		{540F0E26-31D4-495A-92BB-736B666E2338}.Release|iPhoneSimulator.Deploy.0 = Release|x64
		{540F0E26-31D4-495A-92BB-736B666E2338}.Release|x64.ActiveCfg = Release|x64
		{540F0E26-31D4-495A-92BB-736B666E2338}.Release|x64.Build.0 = Release|x64
		{540F0E26-31D4-495A-92BB-736B666E2338}.Release|x64.Deploy.0 = Release|x64
		{540F0E26-31D4-495A-92BB-736B666E2338}.Release|x86.ActiveCfg = Release|x86
		{540F0E26-31D4-495A-92BB-736B666E2338}.Release|x86.Build.0 = Release|x86
		{540F0E26-31D4-495A-92BB-736B666E2338}.Release|x86.Deploy.0 = Release|x86
	EndGlobalSection
	GlobalSection(SolutionProperties) = preSolution
		HideSolutionNode = FALSE
	EndGlobalSection
	GlobalSection(NestedProjects) = preSolution
		{FBB90532-0EC3-4098-A17D-AB68FAEF588F} = {06FD9F45-F761-4ECA-A227-646C9281D48D}
		{FC361097-1EFE-49B2-B109-ABD5A41872D2} = {06FD9F45-F761-4ECA-A227-646C9281D48D}
		{8DB85DD7-476E-464D-AA99-5B510E45305B} = {0384D59B-CA54-4B04-B12C-7C9BDA8BDDD4}
		{33725C84-416B-446C-B434-7E39C4C49A3D} = {0384D59B-CA54-4B04-B12C-7C9BDA8BDDD4}
		{F8B458E3-B2E8-4EA1-92D4-CAC7917E9ACC} = {06FD9F45-F761-4ECA-A227-646C9281D48D}
		{B45D33DF-8272-4A34-B237-744DBDE31ADD} = {43C9F8AB-C7B2-4BBD-8B3E-A5C4A30268E1}
		{4AF10AE7-F247-4D3E-95D7-9B06CFA4D962} = {43C9F8AB-C7B2-4BBD-8B3E-A5C4A30268E1}
		{540F0E26-31D4-495A-92BB-736B666E2338} = {43C9F8AB-C7B2-4BBD-8B3E-A5C4A30268E1}
	EndGlobalSection
	GlobalSection(ExtensibilityGlobals) = postSolution
		SolutionGuid = {FEC7474B-E60A-4523-AE5F-AA36E87EC443}
	EndGlobalSection
EndGlobal
